{
    "_readme": [
        "This file locks the dependencies of your project to a known state",
        "Read more about it at https://getcomposer.org/doc/01-basic-usage.md#installing-dependencies",
        "This file is @generated automatically"
    ],
    "content-hash": "48d1da0b6f8d1411c8d03eb4dcdcafde",
    "packages": [
        {
            "name": "phpmailer/phpmailer",
            "version": "v5.2.28",
            "source": {
                "type": "git",
                "url": "https://github.com/PHPMailer/PHPMailer.git",
                "reference": "acba50393dd03da69a50226c139722af8b153b11"
            },
            "dist": {
                "type": "zip",
                "url": "https://api.github.com/repos/PHPMailer/PHPMailer/zipball/acba50393dd03da69a50226c139722af8b153b11",
                "reference": "acba50393dd03da69a50226c139722af8b153b11",
                "shasum": ""
            },
            "require": {
                "ext-ctype": "*",
                "php": ">=5.0.0"
            },
            "require-dev": {
                "doctrine/annotations": "1.2.*",
                "jms/serializer": "0.16.*",
                "phpdocumentor/phpdocumentor": "2.*",
                "phpunit/phpunit": "4.8.*",
                "symfony/debug": "2.8.*",
                "symfony/filesystem": "2.8.*",
                "symfony/translation": "2.8.*",
                "symfony/yaml": "2.8.*",
                "zendframework/zend-cache": "2.5.1",
                "zendframework/zend-config": "2.5.1",
                "zendframework/zend-eventmanager": "2.5.1",
                "zendframework/zend-filter": "2.5.1",
                "zendframework/zend-i18n": "2.5.1",
                "zendframework/zend-json": "2.5.1",
                "zendframework/zend-math": "2.5.1",
                "zendframework/zend-serializer": "2.5.*",
                "zendframework/zend-servicemanager": "2.5.*",
                "zendframework/zend-stdlib": "2.5.1"
            },
            "suggest": {
                "league/oauth2-google": "Needed for Google XOAUTH2 authentication"
            },
            "type": "library",
            "autoload": {
                "classmap": [
                    "class.phpmailer.php",
                    "class.phpmaileroauth.php",
                    "class.phpmaileroauthgoogle.php",
                    "class.smtp.php",
                    "class.pop3.php",
                    "extras/EasyPeasyICS.php",
                    "extras/ntlm_sasl_client.php"
                ]
            },
            "notification-url": "https://packagist.org/downloads/",
            "license": [
                "LGPL-2.1"
            ],
            "authors": [
                {
                    "name": "Marcus Bointon",
                    "email": "phpmailer@synchromedia.co.uk"
                },
                {
                    "name": "Jim Jagielski",
                    "email": "jimjag@gmail.com"
                },
                {
                    "name": "Andy Prevost",
                    "email": "codeworxtech@users.sourceforge.net"
                },
                {
                    "name": "Brent R. Matzelle"
                }
            ],
            "description": "PHPMailer is a full-featured email creation and transfer class for PHP",
            "funding": [
                {
                    "url": "https://marcus.bointon.com/donations/",
                    "type": "custom"
                },
                {
                    "url": "https://github.com/Synchro",
                    "type": "github"
                },
                {
                    "url": "https://www.patreon.com/marcusbointon",
                    "type": "patreon"
                }
            ],
            "time": "2020-03-19T14:29:37+00:00"
        },
        {
            "name": "sahil-gulati/fcrawling",
            "version": "1.0.0",
            "source": {
                "type": "git",
                "url": "https://github.com/Sahil-Gulati/FCrawling.git",
                "reference": "d343360f5d08eb9a1b700184fe65388991c807df"
            },
            "dist": {
                "type": "zip",
                "url": "https://api.github.com/repos/Sahil-Gulati/FCrawling/zipball/d343360f5d08eb9a1b700184fe65388991c807df",
                "reference": "d343360f5d08eb9a1b700184fe65388991c807df",
                "shasum": ""
            },
            "require": {
                "php": ">=5.3"
            },
            "type": "library",
            "autoload": {
                "psr-0": {
                    "FCrawling": "src/"
                }
            },
            "notification-url": "https://packagist.org/downloads/",
            "authors": [
                {
                    "name": "Sahil Gulati",
                    "email": "sahil.nona@gmail.com"
                }
            ],
            "description": "Multi curl library!",
            "time": "2017-02-14T05:07:27+00:00"
        }
    ],
    "packages-dev": [],
    "aliases": [],
    "minimum-stability": "stable",
    "stability-flags": [],
    "prefer-stable": false,
    "prefer-lowest": false,
    "platform": {
        "php": ">=5.4"
    },
    "platform-dev": [],
    "plugin-api-version": "1.1.0"
}
